<?xml version="1.0" encoding="utf-8"?>
<Project ToolsVersion="4.0" xmlns="http://schemas.microsoft.com/developer/msbuild/2003">
  <ItemGroup>
    <Filter Include="Header Files">
      <UniqueIdentifier>{93995380-89BD-4b04-88EB-625FBE52EBFB}</UniqueIdentifier>
      <Extensions>h;hh;hpp;hxx;h++;hm;inl;inc;ipp;xsd</Extensions>
    </Filter>
    <Filter Include="Resource Files">
      <UniqueIdentifier>{67DA6AB6-F800-4c08-8B7A-83BB121AAD01}</UniqueIdentifier>
      <Extensions>rc;ico;cur;bmp;dlg;rc2;rct;bin;rgs;gif;jpg;jpeg;jpe;resx;tiff;tif;png;wav;mfcribbon-ms</Extensions>
    </Filter>
    <Filter Include="generic">
      <UniqueIdentifier>{3c810b59-adbe-4e6b-bcd0-9d6d664c0fb7}</UniqueIdentifier>
    </Filter>
    <Filter Include="win">
      <UniqueIdentifier>{3af93cf5-526e-4144-92e4-e5900aaf5b7b}</UniqueIdentifier>
    </Filter>
    <Filter Include="Mcl">
      <UniqueIdentifier>{555a9fae-5e0e-4eb2-8812-d1bd7d85151a}</UniqueIdentifier>
    </Filter>
    <Filter Include="Detours">
      <UniqueIdentifier>{d2fedfac-d55a-4b5b-9b11-f6bd8353767e}</UniqueIdentifier>
    </Filter>
    <Filter Include="compat">
      <UniqueIdentifier>{b6631345-30f9-4cbc-abdd-230ddcea7812}</UniqueIdentifier>
    </Filter>
  </ItemGroup>
  <ItemGroup>
    <ClInclude Include="..\generic\exp.h">
      <Filter>Header Files</Filter>
    </ClInclude>
    <ClInclude Include="..\generic\expInt.h">
      <Filter>Header Files</Filter>
    </ClInclude>
    <ClInclude Include="..\generic\expIntDecls.h">
      <Filter>Header Files</Filter>
    </ClInclude>
    <ClInclude Include="..\generic\expIntPlatDecls.h">
      <Filter>Header Files</Filter>
    </ClInclude>
    <ClInclude Include="..\generic\expPlatDecls.h">
      <Filter>Header Files</Filter>
    </ClInclude>
    <ClInclude Include="..\generic\expPort.h">
      <Filter>Header Files</Filter>
    </ClInclude>
    <ClInclude Include="expWinConsoleDebugger.hpp">
      <Filter>win</Filter>
    </ClInclude>
    <ClInclude Include="expWinErr.h">
      <Filter>win</Filter>
    </ClInclude>
    <ClInclude Include="expWinMessage.hpp">
      <Filter>win</Filter>
    </ClInclude>
    <ClInclude Include="expWinPort.h">
      <Filter>win</Filter>
    </ClInclude>
    <ClInclude Include="TclHash.hpp">
      <Filter>win</Filter>
    </ClInclude>
    <ClInclude Include="Mcl\CMcl.h">
      <Filter>Mcl</Filter>
    </ClInclude>
    <ClInclude Include="Mcl\CMclAutoLock.h">
      <Filter>Mcl</Filter>
    </ClInclude>
    <ClInclude Include="Mcl\CMclAutoPtr.h">
      <Filter>Mcl</Filter>
    </ClInclude>
    <ClInclude Include="Mcl\CMclCritSec.h">
      <Filter>Mcl</Filter>
    </ClInclude>
    <ClInclude Include="Mcl\CMclEvent.h">
      <Filter>Mcl</Filter>
    </ClInclude>
    <ClInclude Include="Mcl\CMclGlobal.h">
      <Filter>Mcl</Filter>
    </ClInclude>
    <ClInclude Include="Mcl\CMclKernel.h">
      <Filter>Mcl</Filter>
    </ClInclude>
    <ClInclude Include="Mcl\CMclLinkedLists.h">
      <Filter>Mcl</Filter>
    </ClInclude>
    <ClInclude Include="Mcl\CMclMailbox.h">
      <Filter>Mcl</Filter>
    </ClInclude>
    <ClInclude Include="Mcl\CMclMonitor.h">
      <Filter>Mcl</Filter>
    </ClInclude>
    <ClInclude Include="Mcl\CMclMutex.h">
      <Filter>Mcl</Filter>
    </ClInclude>
    <ClInclude Include="Mcl\CMclSemaphore.h">
      <Filter>Mcl</Filter>
    </ClInclude>
    <ClInclude Include="Mcl\CMclSharedMemory.h">
      <Filter>Mcl</Filter>
    </ClInclude>
    <ClInclude Include="Mcl\CMclThread.h">
      <Filter>Mcl</Filter>
    </ClInclude>
    <ClInclude Include="Mcl\CMclWaitableCollection.h">
      <Filter>Mcl</Filter>
    </ClInclude>
    <ClInclude Include="Mcl\CMclWaitableObject.h">
      <Filter>Mcl</Filter>
    </ClInclude>
    <ClInclude Include="Detours\detours.h">
      <Filter>Detours</Filter>
    </ClInclude>
    <ClInclude Include="..\generic\expDecls.h">
      <Filter>Header Files</Filter>
    </ClInclude>
    <ClInclude Include="expWinConsoleDetourer.hpp">
      <Filter>win</Filter>
    </ClInclude>
    <ClInclude Include="expWinInjectorIPC.hpp">
      <Filter>win</Filter>
    </ClInclude>
  </ItemGroup>
  <ItemGroup>
    <ClCompile Include="..\generic\exp_chan.c">
      <Filter>generic</Filter>
    </ClCompile>
    <ClCompile Include="..\generic\exp_closetcl.c">
      <Filter>generic</Filter>
    </ClCompile>
    <ClCompile Include="..\generic\exp_command.c">
      <Filter>generic</Filter>
    </ClCompile>
    <ClCompile Include="..\generic\exp_event.c">
      <Filter>generic</Filter>
    </ClCompile>
    <ClCompile Include="..\generic\exp_glob.c">
      <Filter>generic</Filter>
    </ClCompile>
    <ClCompile Include="..\generic\exp_log.c">
      <Filter>generic</Filter>
    </ClCompile>
    <ClCompile Include="..\generic\exp_main_sub.c">
      <Filter>generic</Filter>
    </ClCompile>
    <ClCompile Include="..\generic\exp_noevent.c">
      <Filter>generic</Filter>
    </ClCompile>
    <ClCompile Include="..\generic\exp_pty.c">
      <Filter>generic</Filter>
    </ClCompile>
    <ClCompile Include="..\generic\exp_trap.c">
      <Filter>generic</Filter>
    </ClCompile>
    <ClCompile Include="..\generic\exp_tty_comm.c">
      <Filter>generic</Filter>
    </ClCompile>
    <ClCompile Include="..\generic\expect.c">
      <Filter>generic</Filter>
    </ClCompile>
    <ClCompile Include="..\generic\expStubInit.c">
      <Filter>generic</Filter>
    </ClCompile>
    <ClCompile Include="..\generic\tp_license_e4w.c">
      <Filter>generic</Filter>
    </ClCompile>
    <ClCompile Include="expWinCommand.c">
      <Filter>win</Filter>
    </ClCompile>
    <ClCompile Include="expWinConsoleDebugger.cpp">
      <Filter>win</Filter>
    </ClCompile>
    <ClCompile Include="expWinConsoleDebuggerBreakPoints.cpp">
      <Filter>win</Filter>
    </ClCompile>
    <ClCompile Include="expWinInit.c">
      <Filter>win</Filter>
    </ClCompile>
    <ClCompile Include="expWinMessage.cpp">
      <Filter>win</Filter>
    </ClCompile>
    <ClCompile Include="expWinSpawnChan.cpp">
      <Filter>win</Filter>
    </ClCompile>
    <ClCompile Include="expWinTty.c">
      <Filter>win</Filter>
    </ClCompile>
    <ClCompile Include="expWinUtils.cpp">
      <Filter>win</Filter>
    </ClCompile>
    <ClCompile Include="Mcl\CMclAutoLock.cpp">
      <Filter>Mcl</Filter>
    </ClCompile>
    <ClCompile Include="Mcl\CMclAutoPtr.cpp">
      <Filter>Mcl</Filter>
    </ClCompile>
    <ClCompile Include="Mcl\CMclCritSec.cpp">
      <Filter>Mcl</Filter>
    </ClCompile>
    <ClCompile Include="Mcl\CMclEvent.cpp">
      <Filter>Mcl</Filter>
    </ClCompile>
    <ClCompile Include="Mcl\CMclGlobal.cpp">
      <Filter>Mcl</Filter>
    </ClCompile>
    <ClCompile Include="Mcl\CMclKernel.cpp">
      <Filter>Mcl</Filter>
    </ClCompile>
    <ClCompile Include="Mcl\CMclMailbox.cpp">
      <Filter>Mcl</Filter>
    </ClCompile>
    <ClCompile Include="Mcl\CMclMonitor.cpp">
      <Filter>Mcl</Filter>
    </ClCompile>
    <ClCompile Include="Mcl\CMclMutex.cpp">
      <Filter>Mcl</Filter>
    </ClCompile>
    <ClCompile Include="Mcl\CMclSemaphore.cpp">
      <Filter>Mcl</Filter>
    </ClCompile>
    <ClCompile Include="Mcl\CMclSharedMemory.cpp">
      <Filter>Mcl</Filter>
    </ClCompile>
    <ClCompile Include="Mcl\CMclThread.cpp">
      <Filter>Mcl</Filter>
    </ClCompile>
    <ClCompile Include="Mcl\CMclWaitableCollection.cpp">
      <Filter>Mcl</Filter>
    </ClCompile>
    <ClCompile Include="..\generic\getopt.c">
      <Filter>generic</Filter>
    </ClCompile>
    <ClCompile Include="..\compat\exp_strf.c">
      <Filter>compat</Filter>
    </ClCompile>
    <ClCompile Include="expWinConsoleDetourer.cpp">
      <Filter>win</Filter>
    </ClCompile>
  </ItemGroup>
  <ItemGroup>
    <Text Include="Mcl\readme.txt">
      <Filter>Mcl</Filter>
    </Text>
  </ItemGroup>
  <ItemGroup>
    <None Include="..\generic\exp.decls">
      <Filter>Header Files</Filter>
    </None>
  </ItemGroup>
</Project>